DEPENDENCIES
  docker (~> 2.5.8)
  firewall (~> 2.4.0)
  ghost-chef
    path: .
    metadata: true
  nginx
    path: site-cookbooks/nginx
  yum-epel (~> 0.6.5)

GRAPH
  chef-sugar (3.3.0)
  compat_resource (12.7.3)
  docker (2.5.8)
    compat_resource (~> 12.7.1)
  firewall (2.4.0)
    chef-sugar (>= 0.0.0)
  ghost-chef (0.1.0)
  nginx (0.1.0)
  yum (3.10.0)
  yum-epel (0.6.5)
    yum (~> 3.2)
